
Microsoft Visual Studio Solution File, Format Version 12.00
# Visual Studio Version 16
VisualStudioVersion = 16.0.31410.357
MinimumVisualStudioVersion = 10.0.40219.1
Project("{FAE04EC0-301F-11D3-BF4B-00C04F79EFBC}") = "DemandManagement.Api", "DemandManagement.Api\DemandManagement.Api.csproj", "{BB8A5066-3C67-4FFC-96D1-3B2CDCCDB239}"
EndProject
Project("{FAE04EC0-301F-11D3-BF4B-00C04F79EFBC}") = "DemandManagement.Registration", "DemandManagement.Registration\DemandManagement.Registration.csproj", "{B48A2EBC-50B0-48A2-B3D5-45FB0F3DDC68}"
EndProject
Project("{FAE04EC0-301F-11D3-BF4B-00C04F79EFBC}") = "DemandManagement.ThirdParty.Service", "DemandManagement.ThirdParty.Service\DemandManagement.ThirdParty.Service.csproj", "{13C36E84-CA53-41A3-8E09-9AA5660749C3}"
EndProject
Project("{FAE04EC0-301F-11D3-BF4B-00C04F79EFBC}") = "DemandManagement.Notification", "DemandManagement.Notification\DemandManagement.Notification.csproj", "{B1E5F80F-5BE7-43F0-A12B-A69AAD1F8063}"
EndProject
Project("{FAE04EC0-301F-11D3-BF4B-00C04F79EFBC}") = "DemandManagement.MessageContracts", "DemandManagement.MessageContracts\DemandManagement.MessageContracts.csproj", "{92DA4F10-4324-42D8-8146-654EFC2F461D}"
EndProject
Global
	GlobalSection(SolutionConfigurationPlatforms) = preSolution
		Debug|Any CPU = Debug|Any CPU
		Release|Any CPU = Release|Any CPU
	EndGlobalSection
	GlobalSection(ProjectConfigurationPlatforms) = postSolution
		{BB8A5066-3C67-4FFC-96D1-3B2CDCCDB239}.Debug|Any CPU.ActiveCfg = Debug|Any CPU
		{BB8A5066-3C67-4FFC-96D1-3B2CDCCDB239}.Debug|Any CPU.Build.0 = Debug|Any CPU
		{BB8A5066-3C67-4FFC-96D1-3B2CDCCDB239}.Release|Any CPU.ActiveCfg = Release|Any CPU
		{BB8A5066-3C67-4FFC-96D1-3B2CDCCDB239}.Release|Any CPU.Build.0 = Release|Any CPU
		{B48A2EBC-50B0-48A2-B3D5-45FB0F3DDC68}.Debug|Any CPU.ActiveCfg = Debug|Any CPU
		{B48A2EBC-50B0-48A2-B3D5-45FB0F3DDC68}.Debug|Any CPU.Build.0 = Debug|Any CPU
		{B48A2EBC-50B0-48A2-B3D5-45FB0F3DDC68}.Release|Any CPU.ActiveCfg = Release|Any CPU
		{B48A2EBC-50B0-48A2-B3D5-45FB0F3DDC68}.Release|Any CPU.Build.0 = Release|Any CPU
		{13C36E84-CA53-41A3-8E09-9AA5660749C3}.Debug|Any CPU.ActiveCfg = Debug|Any CPU
		{13C36E84-CA53-41A3-8E09-9AA5660749C3}.Debug|Any CPU.Build.0 = Debug|Any CPU
		{13C36E84-CA53-41A3-8E09-9AA5660749C3}.Release|Any CPU.ActiveCfg = Release|Any CPU
		{13C36E84-CA53-41A3-8E09-9AA5660749C3}.Release|Any CPU.Build.0 = Release|Any CPU
		{B1E5F80F-5BE7-43F0-A12B-A69AAD1F8063}.Debug|Any CPU.ActiveCfg = Debug|Any CPU
		{B1E5F80F-5BE7-43F0-A12B-A69AAD1F8063}.Debug|Any CPU.Build.0 = Debug|Any CPU
		{B1E5F80F-5BE7-43F0-A12B-A69AAD1F8063}.Release|Any CPU.ActiveCfg = Release|Any CPU
		{B1E5F80F-5BE7-43F0-A12B-A69AAD1F8063}.Release|Any CPU.Build.0 = Release|Any CPU
		{92DA4F10-4324-42D8-8146-654EFC2F461D}.Debug|Any CPU.ActiveCfg = Debug|Any CPU
		{92DA4F10-4324-42D8-8146-654EFC2F461D}.Debug|Any CPU.Build.0 = Debug|Any CPU
		{92DA4F10-4324-42D8-8146-654EFC2F461D}.Release|Any CPU.ActiveCfg = Release|Any CPU
		{92DA4F10-4324-42D8-8146-654EFC2F461D}.Release|Any CPU.Build.0 = Release|Any CPU
	EndGlobalSection
	GlobalSection(SolutionProperties) = preSolution
		HideSolutionNode = FALSE
	EndGlobalSection
	GlobalSection(ExtensibilityGlobals) = postSolution
		SolutionGuid = {5D4B59BA-2813-4F40-866B-37542CA24A36}
	EndGlobalSection
EndGlobal
